
Microsoft Visual Studio Solution File, Format Version 12.00
# Visual Studio Version 17
VisualStudioVersion = 17.3.32929.385
MinimumVisualStudioVersion = 10.0.40219.1
Project("{FAE04EC0-301F-11D3-BF4B-00C04F79EFBC}") = "SuperHero.Api", "SuperHero.Api\SuperHero.Api.csproj", "{02C57ED0-B159-4F4A-925E-5651777102CF}"
EndProject
Global
	GlobalSection(SolutionConfigurationPlatforms) = preSolution
		Debug|Any CPU = Debug|Any CPU
		Release|Any CPU = Release|Any CPU
	EndGlobalSection
	GlobalSection(ProjectConfigurationPlatforms) = postSolution
		{02C57ED0-B159-4F4A-925E-5651777102CF}.Debug|Any CPU.ActiveCfg = Debug|Any CPU
		{02C57ED0-B159-4F4A-925E-5651777102CF}.Debug|Any CPU.Build.0 = Debug|Any CPU
		{02C57ED0-B159-4F4A-925E-5651777102CF}.Release|Any CPU.ActiveCfg = Release|Any CPU
		{02C57ED0-B159-4F4A-925E-5651777102CF}.Release|Any CPU.Build.0 = Release|Any CPU
	EndGlobalSection
	GlobalSection(SolutionProperties) = preSolution
		HideSolutionNode = FALSE
	EndGlobalSection
	GlobalSection(ExtensibilityGlobals) = postSolution
		SolutionGuid = {8FBA1890-5568-4436-AFD0-7343E2CB008F}
	EndGlobalSection
EndGlobal
